# This file was autogenerated by Stack.
# You should not edit this file by hand.
# For more information, please see the documentation at:
#   https://docs.haskellstack.org/en/stable/lock_files

packages:
- completed:
    commit: a2a558058012b09bb313b3eb03cddb734fcf4a98
    git: git@github.com:lambdageek/unbound-generics.git
    name: unbound-generics
    pantry-tree:
      sha256: f8bea284688c8a5f2b99cd7f0283edb7b340f3d5e331af5d7a35c3fec6c9002d
      size: 3474
    version: 0.4.2
  original:
    commit: a2a558058012b09bb313b3eb03cddb734fcf4a98
    git: git@github.com:lambdageek/unbound-generics.git
snapshots:
- completed:
    sha256: b37c0abab16c7de352c45b85f8ecc8530b084209a2c42987a96c92b4a5e3cd65
    size: 648924
    url: https://raw.githubusercontent.com/commercialhaskell/stackage-snapshots/master/lts/20/13.yaml
  original:
    url: https://raw.githubusercontent.com/commercialhaskell/stackage-snapshots/master/lts/20/13.yaml
